
Microsoft Visual Studio Solution File, Format Version 12.00
# Visual Studio 14
VisualStudioVersion = 14.0.25123.0
MinimumVisualStudioVersion = 10.0.40219.1
Project("{2150E333-8FDC-42A3-9474-1A3956D46DE8}") = "04.User Interface", "04.User Interface", "{364D700F-A8EA-4F61-B8D8-82BD0984E496}"
EndProject
Project("{FAE04EC0-301F-11D3-BF4B-00C04F79EFBC}") = "Angkor.O7POS.Web", "4.User Interface\Angkor.O7POS.Web\Angkor.O7POS.Web.csproj", "{04DE427E-3905-45BB-B55D-65346468E6DD}"
EndProject
Project("{FAE04EC0-301F-11D3-BF4B-00C04F79EFBC}") = "Angkor.O7POS.Controller", "4.User Interface\Angkor.O7POS.Controller\Angkor.O7POS.Controller.csproj", "{DEA88C31-F094-407F-BB46-80F26FCEA3CD}"
EndProject
Project("{FAE04EC0-301F-11D3-BF4B-00C04F79EFBC}") = "Angkor.O7POS.Model", "4.User Interface\Angkor.O7POS.ViewModel\Angkor.O7POS.Model.csproj", "{FEB70137-E559-424B-913D-8752304B5004}"
EndProject
Project("{2150E333-8FDC-42A3-9474-1A3956D46DE8}") = "01.Data", "01.Data", "{93A2B457-DF1E-419F-A510-23FE6B51FC6A}"
EndProject
Project("{FAE04EC0-301F-11D3-BF4B-00C04F79EFBC}") = "Angkor.O7POS.Data", "1.Data\Angkor.O7POS.Data\Angkor.O7POS.Data.csproj", "{1CB15926-C9D2-4F55-B337-767C0D10BBA0}"
EndProject
Project("{FAE04EC0-301F-11D3-BF4B-00C04F79EFBC}") = "Angkor.O7POS.Data.Oracle", "1.Data\Angkor.O7POS.Data.Oracle\Angkor.O7POS.Data.Oracle.csproj", "{9388531C-2A73-4622-AD8A-37719500C465}"
EndProject
Project("{2150E333-8FDC-42A3-9474-1A3956D46DE8}") = "00.Common", "00.Common", "{28344D33-64B7-4AE3-B103-DF07B36930F5}"
EndProject
Project("{FAE04EC0-301F-11D3-BF4B-00C04F79EFBC}") = "Angkor.O7POS.Common.Entities", "0.Common\Angkor.O7POS.Common\Angkor.O7POS.Common.Entities.csproj", "{2B18D179-F639-4FD5-B5F3-4B493CB7CA0A}"
EndProject
Project("{2150E333-8FDC-42A3-9474-1A3956D46DE8}") = "02.Domain", "02.Domain", "{C20E8FDE-BDC4-4C76-9EE0-B3508E6D4F0C}"
EndProject
Project("{FAE04EC0-301F-11D3-BF4B-00C04F79EFBC}") = "Angkor.O7POS.Domain", "2.Domain\Angkor.O7POS.Domain\Angkor.O7POS.Domain.csproj", "{7F7E0481-038A-455C-A5F0-7814186D2173}"
EndProject
Project("{2150E333-8FDC-42A3-9474-1A3956D46DE8}") = "03.Web Services", "03.Web Services", "{7117D7F3-4ABF-48E2-80F7-106475BB2541}"
EndProject
Project("{FAE04EC0-301F-11D3-BF4B-00C04F79EFBC}") = "Angkor.O7POS.Service", "3.Web Service\Angkor.O7POS.Service\Angkor.O7POS.Service.csproj", "{A51820BD-DCB5-4CD8-8A8B-A3FF416E1CE7}"
EndProject
Project("{FAE04EC0-301F-11D3-BF4B-00C04F79EFBC}") = "Angkor.O7POS.Common.ServiceClient", "0.Common\Angkor.O7POS.Common.ServiceClient\Angkor.O7POS.Common.ServiceClient.csproj", "{79100C94-7132-4FFC-A8A5-8B345BFE99A2}"
	ProjectSection(ProjectDependencies) = postProject
		{A51820BD-DCB5-4CD8-8A8B-A3FF416E1CE7} = {A51820BD-DCB5-4CD8-8A8B-A3FF416E1CE7}
	EndProjectSection
EndProject
Global
	GlobalSection(SolutionConfigurationPlatforms) = preSolution
		Debug|Any CPU = Debug|Any CPU
		Release|Any CPU = Release|Any CPU
	EndGlobalSection
	GlobalSection(ProjectConfigurationPlatforms) = postSolution
		{04DE427E-3905-45BB-B55D-65346468E6DD}.Debug|Any CPU.ActiveCfg = Debug|Any CPU
		{04DE427E-3905-45BB-B55D-65346468E6DD}.Debug|Any CPU.Build.0 = Debug|Any CPU
		{04DE427E-3905-45BB-B55D-65346468E6DD}.Release|Any CPU.ActiveCfg = Release|Any CPU
		{04DE427E-3905-45BB-B55D-65346468E6DD}.Release|Any CPU.Build.0 = Release|Any CPU
		{DEA88C31-F094-407F-BB46-80F26FCEA3CD}.Debug|Any CPU.ActiveCfg = Debug|Any CPU
		{DEA88C31-F094-407F-BB46-80F26FCEA3CD}.Debug|Any CPU.Build.0 = Debug|Any CPU
		{DEA88C31-F094-407F-BB46-80F26FCEA3CD}.Release|Any CPU.ActiveCfg = Release|Any CPU
		{DEA88C31-F094-407F-BB46-80F26FCEA3CD}.Release|Any CPU.Build.0 = Release|Any CPU
		{FEB70137-E559-424B-913D-8752304B5004}.Debug|Any CPU.ActiveCfg = Debug|Any CPU
		{FEB70137-E559-424B-913D-8752304B5004}.Debug|Any CPU.Build.0 = Debug|Any CPU
		{FEB70137-E559-424B-913D-8752304B5004}.Release|Any CPU.ActiveCfg = Release|Any CPU
		{FEB70137-E559-424B-913D-8752304B5004}.Release|Any CPU.Build.0 = Release|Any CPU
		{1CB15926-C9D2-4F55-B337-767C0D10BBA0}.Debug|Any CPU.ActiveCfg = Debug|Any CPU
		{1CB15926-C9D2-4F55-B337-767C0D10BBA0}.Debug|Any CPU.Build.0 = Debug|Any CPU
		{1CB15926-C9D2-4F55-B337-767C0D10BBA0}.Release|Any CPU.ActiveCfg = Release|Any CPU
		{1CB15926-C9D2-4F55-B337-767C0D10BBA0}.Release|Any CPU.Build.0 = Release|Any CPU
		{9388531C-2A73-4622-AD8A-37719500C465}.Debug|Any CPU.ActiveCfg = Debug|Any CPU
		{9388531C-2A73-4622-AD8A-37719500C465}.Debug|Any CPU.Build.0 = Debug|Any CPU
		{9388531C-2A73-4622-AD8A-37719500C465}.Release|Any CPU.ActiveCfg = Release|Any CPU
		{9388531C-2A73-4622-AD8A-37719500C465}.Release|Any CPU.Build.0 = Release|Any CPU
		{2B18D179-F639-4FD5-B5F3-4B493CB7CA0A}.Debug|Any CPU.ActiveCfg = Debug|Any CPU
		{2B18D179-F639-4FD5-B5F3-4B493CB7CA0A}.Debug|Any CPU.Build.0 = Debug|Any CPU
		{2B18D179-F639-4FD5-B5F3-4B493CB7CA0A}.Release|Any CPU.ActiveCfg = Release|Any CPU
		{2B18D179-F639-4FD5-B5F3-4B493CB7CA0A}.Release|Any CPU.Build.0 = Release|Any CPU
		{7F7E0481-038A-455C-A5F0-7814186D2173}.Debug|Any CPU.ActiveCfg = Debug|Any CPU
		{7F7E0481-038A-455C-A5F0-7814186D2173}.Debug|Any CPU.Build.0 = Debug|Any CPU
		{7F7E0481-038A-455C-A5F0-7814186D2173}.Release|Any CPU.ActiveCfg = Release|Any CPU
		{7F7E0481-038A-455C-A5F0-7814186D2173}.Release|Any CPU.Build.0 = Release|Any CPU
		{A51820BD-DCB5-4CD8-8A8B-A3FF416E1CE7}.Debug|Any CPU.ActiveCfg = Debug|Any CPU
		{A51820BD-DCB5-4CD8-8A8B-A3FF416E1CE7}.Debug|Any CPU.Build.0 = Debug|Any CPU
		{A51820BD-DCB5-4CD8-8A8B-A3FF416E1CE7}.Release|Any CPU.ActiveCfg = Release|Any CPU
		{A51820BD-DCB5-4CD8-8A8B-A3FF416E1CE7}.Release|Any CPU.Build.0 = Release|Any CPU
		{79100C94-7132-4FFC-A8A5-8B345BFE99A2}.Debug|Any CPU.ActiveCfg = Debug|Any CPU
		{79100C94-7132-4FFC-A8A5-8B345BFE99A2}.Debug|Any CPU.Build.0 = Debug|Any CPU
		{79100C94-7132-4FFC-A8A5-8B345BFE99A2}.Release|Any CPU.ActiveCfg = Release|Any CPU
		{79100C94-7132-4FFC-A8A5-8B345BFE99A2}.Release|Any CPU.Build.0 = Release|Any CPU
	EndGlobalSection
	GlobalSection(SolutionProperties) = preSolution
		HideSolutionNode = FALSE
	EndGlobalSection
	GlobalSection(NestedProjects) = preSolution
		{04DE427E-3905-45BB-B55D-65346468E6DD} = {364D700F-A8EA-4F61-B8D8-82BD0984E496}
		{DEA88C31-F094-407F-BB46-80F26FCEA3CD} = {364D700F-A8EA-4F61-B8D8-82BD0984E496}
		{FEB70137-E559-424B-913D-8752304B5004} = {364D700F-A8EA-4F61-B8D8-82BD0984E496}
		{1CB15926-C9D2-4F55-B337-767C0D10BBA0} = {93A2B457-DF1E-419F-A510-23FE6B51FC6A}
		{9388531C-2A73-4622-AD8A-37719500C465} = {93A2B457-DF1E-419F-A510-23FE6B51FC6A}
		{2B18D179-F639-4FD5-B5F3-4B493CB7CA0A} = {28344D33-64B7-4AE3-B103-DF07B36930F5}
		{7F7E0481-038A-455C-A5F0-7814186D2173} = {C20E8FDE-BDC4-4C76-9EE0-B3508E6D4F0C}
		{A51820BD-DCB5-4CD8-8A8B-A3FF416E1CE7} = {7117D7F3-4ABF-48E2-80F7-106475BB2541}
		{79100C94-7132-4FFC-A8A5-8B345BFE99A2} = {28344D33-64B7-4AE3-B103-DF07B36930F5}
	EndGlobalSection
EndGlobal
